
Microsoft Visual Studio Solution File, Format Version 12.00
# Visual Studio Version 17
VisualStudioVersion = 17.7.34024.191
MinimumVisualStudioVersion = 10.0.40219.1
Project("{9A19103F-16F7-4668-BE54-9A1E7A4F7556}") = "DataAccess", "DataAccess\DataAccess.csproj", "{99FDC121-96B1-4B23-AB68-10F82127A3AF}"
EndProject
Project("{9A19103F-16F7-4668-BE54-9A1E7A4F7556}") = "BusinessObject", "BusinessObject\BusinessObject.csproj", "{507E999C-6319-4EDF-A9D2-8A8ABBC10D71}"
EndProject
Project("{9A19103F-16F7-4668-BE54-9A1E7A4F7556}") = "MyStoreWinApp", "MyStoreWinApp\MyStoreWinApp.csproj", "{4031BCDD-AF33-4FCC-99FF-EFAC18BB0C8A}"
EndProject
Project("{9A19103F-16F7-4668-BE54-9A1E7A4F7556}") = "Test", "Test\Test.csproj", "{760D3E30-C88F-4A52-B96C-C118D6C2A0FA}"
EndProject
Project("{FAE04EC0-301F-11D3-BF4B-00C04F79EFBC}") = "Functional", "Functional\Functional.csproj", "{D425417F-E26F-4F2F-A177-75965E5F46AA}"
EndProject
Global
	GlobalSection(SolutionConfigurationPlatforms) = preSolution
		Debug|Any CPU = Debug|Any CPU
		Release|Any CPU = Release|Any CPU
	EndGlobalSection
	GlobalSection(ProjectConfigurationPlatforms) = postSolution
		{99FDC121-96B1-4B23-AB68-10F82127A3AF}.Debug|Any CPU.ActiveCfg = Debug|Any CPU
		{99FDC121-96B1-4B23-AB68-10F82127A3AF}.Debug|Any CPU.Build.0 = Debug|Any CPU
		{99FDC121-96B1-4B23-AB68-10F82127A3AF}.Release|Any CPU.ActiveCfg = Release|Any CPU
		{99FDC121-96B1-4B23-AB68-10F82127A3AF}.Release|Any CPU.Build.0 = Release|Any CPU
		{507E999C-6319-4EDF-A9D2-8A8ABBC10D71}.Debug|Any CPU.ActiveCfg = Debug|Any CPU
		{507E999C-6319-4EDF-A9D2-8A8ABBC10D71}.Debug|Any CPU.Build.0 = Debug|Any CPU
		{507E999C-6319-4EDF-A9D2-8A8ABBC10D71}.Release|Any CPU.ActiveCfg = Release|Any CPU
		{507E999C-6319-4EDF-A9D2-8A8ABBC10D71}.Release|Any CPU.Build.0 = Release|Any CPU
		{4031BCDD-AF33-4FCC-99FF-EFAC18BB0C8A}.Debug|Any CPU.ActiveCfg = Debug|Any CPU
		{4031BCDD-AF33-4FCC-99FF-EFAC18BB0C8A}.Debug|Any CPU.Build.0 = Debug|Any CPU
		{4031BCDD-AF33-4FCC-99FF-EFAC18BB0C8A}.Release|Any CPU.ActiveCfg = Release|Any CPU
		{4031BCDD-AF33-4FCC-99FF-EFAC18BB0C8A}.Release|Any CPU.Build.0 = Release|Any CPU
		{760D3E30-C88F-4A52-B96C-C118D6C2A0FA}.Debug|Any CPU.ActiveCfg = Debug|Any CPU
		{760D3E30-C88F-4A52-B96C-C118D6C2A0FA}.Debug|Any CPU.Build.0 = Debug|Any CPU
		{760D3E30-C88F-4A52-B96C-C118D6C2A0FA}.Release|Any CPU.ActiveCfg = Release|Any CPU
		{760D3E30-C88F-4A52-B96C-C118D6C2A0FA}.Release|Any CPU.Build.0 = Release|Any CPU
		{D425417F-E26F-4F2F-A177-75965E5F46AA}.Debug|Any CPU.ActiveCfg = Debug|Any CPU
		{D425417F-E26F-4F2F-A177-75965E5F46AA}.Debug|Any CPU.Build.0 = Debug|Any CPU
		{D425417F-E26F-4F2F-A177-75965E5F46AA}.Release|Any CPU.ActiveCfg = Release|Any CPU
		{D425417F-E26F-4F2F-A177-75965E5F46AA}.Release|Any CPU.Build.0 = Release|Any CPU
	EndGlobalSection
	GlobalSection(SolutionProperties) = preSolution
		HideSolutionNode = FALSE
	EndGlobalSection
	GlobalSection(ExtensibilityGlobals) = postSolution
		SolutionGuid = {74C3DC02-761B-4F64-B9FD-64F662602A2A}
	EndGlobalSection
EndGlobal
